// !$*UTF8*$!
{
	archiveVersion = 1;
	classes = {
	};
	objectVersion = 46;
	objects = {

/* Begin PBXBuildFile section */
		600C36801EC0B2B500B9A449 /* AppDelegate.swift in Sources */ = {isa = PBXBuildFile; fileRef = 600C367F1EC0B2B500B9A449 /* AppDelegate.swift */; };
		600C36851EC0B2B500B9A449 /* Main.storyboard in Resources */ = {isa = PBXBuildFile; fileRef = 600C36831EC0B2B500B9A449 /* Main.storyboard */; };
		600C36871EC0B2B500B9A449 /* Assets.xcassets in Resources */ = {isa = PBXBuildFile; fileRef = 600C36861EC0B2B500B9A449 /* Assets.xcassets */; };
		600C368A1EC0B2B500B9A449 /* LaunchScreen.storyboard in Resources */ = {isa = PBXBuildFile; fileRef = 600C36881EC0B2B500B9A449 /* LaunchScreen.storyboard */; };
		600C36971EC0B75700B9A449 /* Food.swift in Sources */ = {isa = PBXBuildFile; fileRef = 600C36961EC0B75700B9A449 /* Food.swift */; };
		600C36991EC0C52B00B9A449 /* SettingsViewController.swift in Sources */ = {isa = PBXBuildFile; fileRef = 600C36981EC0C52B00B9A449 /* SettingsViewController.swift */; };
		600C369B1EC0D77800B9A449 /* MenuListViewController.swift in Sources */ = {isa = PBXBuildFile; fileRef = 600C369A1EC0D77800B9A449 /* MenuListViewController.swift */; };
		608E417D1EC3552700980192 /* FoodTableViewCell.swift in Sources */ = {isa = PBXBuildFile; fileRef = 608E417C1EC3552700980192 /* FoodTableViewCell.swift */; };
		608E417F1EC35C4800980192 /* MenuGridViewController.swift in Sources */ = {isa = PBXBuildFile; fileRef = 608E417E1EC35C4800980192 /* MenuGridViewController.swift */; };
		608E41811EC35D8C00980192 /* FoodCollectionViewCell.swift in Sources */ = {isa = PBXBuildFile; fileRef = 608E41801EC35D8C00980192 /* FoodCollectionViewCell.swift */; };
/* End PBXBuildFile section */

/* Begin PBXFileReference section */
		600C367C1EC0B2B500B9A449 /* iFood.app */ = {isa = PBXFileReference; explicitFileType = wrapper.application; includeInIndex = 0; path = iFood.app; sourceTree = BUILT_PRODUCTS_DIR; };
		600C367F1EC0B2B500B9A449 /* AppDelegate.swift */ = {isa = PBXFileReference; lastKnownFileType = sourcecode.swift; path = AppDelegate.swift; sourceTree = "<group>"; };
		600C36841EC0B2B500B9A449 /* Base */ = {isa = PBXFileReference; lastKnownFileType = file.storyboard; name = Base; path = Base.lproj/Main.storyboard; sourceTree = "<group>"; };
		600C36861EC0B2B500B9A449 /* Assets.xcassets */ = {isa = PBXFileReference; lastKnownFileType = folder.assetcatalog; path = Assets.xcassets; sourceTree = "<group>"; };
		600C36891EC0B2B500B9A449 /* Base */ = {isa = PBXFileReference; lastKnownFileType = file.storyboard; name = Base; path = Base.lproj/LaunchScreen.storyboard; sourceTree = "<group>"; };
		600C368B1EC0B2B500B9A449 /* Info.plist */ = {isa = PBXFileReference; lastKnownFileType = text.plist.xml; path = Info.plist; sourceTree = "<group>"; };
		600C36961EC0B75700B9A449 /* Food.swift */ = {isa = PBXFileReference; fileEncoding = 4; lastKnownFileType = sourcecode.swift; path = Food.swift; sourceTree = "<group>"; };
		600C36981EC0C52B00B9A449 /* SettingsViewController.swift */ = {isa = PBXFileReference; fileEncoding = 4; lastKnownFileType = sourcecode.swift; path = SettingsViewController.swift; sourceTree = "<group>"; };
		600C369A1EC0D77800B9A449 /* MenuListViewController.swift */ = {isa = PBXFileReference; fileEncoding = 4; lastKnownFileType = sourcecode.swift; path = MenuListViewController.swift; sourceTree = "<group>"; };
		608E417C1EC3552700980192 /* FoodTableViewCell.swift */ = {isa = PBXFileReference; fileEncoding = 4; lastKnownFileType = sourcecode.swift; path = FoodTableViewCell.swift; sourceTree = "<group>"; };
		608E417E1EC35C4800980192 /* MenuGridViewController.swift */ = {isa = PBXFileReference; fileEncoding = 4; lastKnownFileType = sourcecode.swift; path = MenuGridViewController.swift; sourceTree = "<group>"; };
		608E41801EC35D8C00980192 /* FoodCollectionViewCell.swift */ = {isa = PBXFileReference; fileEncoding = 4; lastKnownFileType = sourcecode.swift; path = FoodCollectionViewCell.swift; sourceTree = "<group>"; };
/* End PBXFileReference section */

/* Begin PBXFrameworksBuildPhase section */
		600C36791EC0B2B500B9A449 /* Frameworks */ = {
			isa = PBXFrameworksBuildPhase;
			buildActionMask = 2147483647;
			files = (
			);
			runOnlyForDeploymentPostprocessing = 0;
		};
/* End PBXFrameworksBuildPhase section */

/* Begin PBXGroup section */
		600C36731EC0B2B500B9A449 = {
			isa = PBXGroup;
			children = (
				600C367E1EC0B2B500B9A449 /* iFood */,
				600C367D1EC0B2B500B9A449 /* Products */,
			);
			sourceTree = "<group>";
		};
		600C367D1EC0B2B500B9A449 /* Products */ = {
			isa = PBXGroup;
			children = (
				600C367C1EC0B2B500B9A449 /* iFood.app */,
			);
			name = Products;
			sourceTree = "<group>";
		};
		600C367E1EC0B2B500B9A449 /* iFood */ = {
			isa = PBXGroup;
			children = (
				600C36911EC0B4D000B9A449 /* Controllers */,
				600C36931EC0B4D000B9A449 /* Models */,
				600C36941EC0B4D000B9A449 /* Views */,
				600C367F1EC0B2B500B9A449 /* AppDelegate.swift */,
				600C36831EC0B2B500B9A449 /* Main.storyboard */,
				600C36861EC0B2B500B9A449 /* Assets.xcassets */,
				600C36881EC0B2B500B9A449 /* LaunchScreen.storyboard */,
				600C368B1EC0B2B500B9A449 /* Info.plist */,
			);
			path = iFood;
			sourceTree = "<group>";
		};
		600C36911EC0B4D000B9A449 /* Controllers */ = {
			isa = PBXGroup;
			children = (
				600C36981EC0C52B00B9A449 /* SettingsViewController.swift */,
				600C369A1EC0D77800B9A449 /* MenuListViewController.swift */,
				608E417E1EC35C4800980192 /* MenuGridViewController.swift */,
			);
			path = Controllers;
			sourceTree = "<group>";
		};
		600C36931EC0B4D000B9A449 /* Models */ = {
			isa = PBXGroup;
			children = (
				600C36961EC0B75700B9A449 /* Food.swift */,
			);
			path = Models;
			sourceTree = "<group>";
		};
		600C36941EC0B4D000B9A449 /* Views */ = {
			isa = PBXGroup;
			children = (
				608E417C1EC3552700980192 /* FoodTableViewCell.swift */,
				608E41801EC35D8C00980192 /* FoodCollectionViewCell.swift */,
			);
			path = Views;
			sourceTree = "<group>";
		};
/* End PBXGroup section */

/* Begin PBXNativeTarget section */
		600C367B1EC0B2B500B9A449 /* iFood */ = {
			isa = PBXNativeTarget;
			buildConfigurationList = 600C368E1EC0B2B500B9A449 /* Build configuration list for PBXNativeTarget "iFood" */;
			buildPhases = (
				600C36781EC0B2B500B9A449 /* Sources */,
				600C36791EC0B2B500B9A449 /* Frameworks */,
				600C367A1EC0B2B500B9A449 /* Resources */,
			);
			buildRules = (
			);
			dependencies = (
			);
			name = iFood;
			productName = iFood;
			productReference = 600C367C1EC0B2B500B9A449 /* iFood.app */;
			productType = "com.apple.product-type.application";
		};
/* End PBXNativeTarget section */

/* Begin PBXProject section */
		600C36741EC0B2B500B9A449 /* Project object */ = {
			isa = PBXProject;
			attributes = {
				LastSwiftUpdateCheck = 0830;
				LastUpgradeCheck = 0830;
				ORGANIZATIONNAME = Acamica;
				TargetAttributes = {
					600C367B1EC0B2B500B9A449 = {
						CreatedOnToolsVersion = 8.3.2;
						DevelopmentTeam = 9ZM7UP9YG8;
						ProvisioningStyle = Automatic;
					};
				};
			};
			buildConfigurationList = 600C36771EC0B2B500B9A449 /* Build configuration list for PBXProject "iFood" */;
			compatibilityVersion = "Xcode 3.2";
			developmentRegion = English;
			hasScannedForEncodings = 0;
			knownRegions = (
				en,
				Base,
			);
			mainGroup = 600C36731EC0B2B500B9A449;
			productRefGroup = 600C367D1EC0B2B500B9A449 /* Products */;
			projectDirPath = "";
			projectRoot = "";
			targets = (
				600C367B1EC0B2B500B9A449 /* iFood */,
			);
		};
/* End PBXProject section */

/* Begin PBXResourcesBuildPhase section */
		600C367A1EC0B2B500B9A449 /* Resources */ = {
			isa = PBXResourcesBuildPhase;
			buildActionMask = 2147483647;
			files = (
				600C368A1EC0B2B500B9A449 /* LaunchScreen.storyboard in Resources */,
				600C36871EC0B2B500B9A449 /* Assets.xcassets in Resources */,
				600C36851EC0B2B500B9A449 /* Main.storyboard in Resources */,
			);
			runOnlyForDeploymentPostprocessing = 0;
		};
/* End PBXResourcesBuildPhase section */

/* Begin PBXSourcesBuildPhase section */
		600C36781EC0B2B500B9A449 /* Sources */ = {
			isa = PBXSourcesBuildPhase;
			buildActionMask = 2147483647;
			files = (
				600C36801EC0B2B500B9A449 /* AppDelegate.swift in Sources */,
				600C36971EC0B75700B9A449 /* Food.swift in Sources */,
				600C36991EC0C52B00B9A449 /* SettingsViewController.swift in Sources */,
				608E417F1EC35C4800980192 /* MenuGridViewController.swift in Sources */,
				600C369B1EC0D77800B9A449 /* MenuListViewController.swift in Sources */,
				608E417D1EC3552700980192 /* FoodTableViewCell.swift in Sources */,
				608E41811EC35D8C00980192 /* FoodCollectionViewCell.swift in Sources */,
			);
			runOnlyForDeploymentPostprocessing = 0;
		};
/* End PBXSourcesBuildPhase section */

/* Begin PBXVariantGroup section */
		600C36831EC0B2B500B9A449 /* Main.storyboard */ = {
			isa = PBXVariantGroup;
			children = (
				600C36841EC0B2B500B9A449 /* Base */,
			);
			name = Main.storyboard;
			sourceTree = "<group>";
		};
		600C36881EC0B2B500B9A449 /* LaunchScreen.storyboard */ = {
			isa = PBXVariantGroup;
			children = (
				600C36891EC0B2B500B9A449 /* Base */,
			);
			name = LaunchScreen.storyboard;
			sourceTree = "<group>";
		};
/* End PBXVariantGroup section */

/* Begin XCBuildConfiguration section */
		600C368C1EC0B2B500B9A449 /* Debug */ = {
			isa = XCBuildConfiguration;
			buildSettings = {
				ALWAYS_SEARCH_USER_PATHS = NO;
				CLANG_ANALYZER_NONNULL = YES;
				CLANG_ANALYZER_NUMBER_OBJECT_CONVERSION = YES_AGGRESSIVE;
				CLANG_CXX_LANGUAGE_STANDARD = "gnu++0x";
				CLANG_CXX_LIBRARY = "libc++";
				CLANG_ENABLE_MODULES = YES;
				CLANG_ENABLE_OBJC_ARC = YES;
				CLANG_WARN_BOOL_CONVERSION = YES;
				CLANG_WARN_CONSTANT_CONVERSION = YES;
				CLANG_WARN_DIRECT_OBJC_ISA_USAGE = YES_ERROR;
				CLANG_WARN_DOCUMENTATION_COMMENTS = YES;
				CLANG_WARN_EMPTY_BODY = YES;
				CLANG_WARN_ENUM_CONVERSION = YES;
				CLANG_WARN_INFINITE_RECURSION = YES;
				CLANG_WARN_INT_CONVERSION = YES;
				CLANG_WARN_OBJC_ROOT_CLASS = YES_ERROR;
				CLANG_WARN_SUSPICIOUS_MOVE = YES;
				CLANG_WARN_UNREACHABLE_CODE = YES;
				CLANG_WARN__DUPLICATE_METHOD_MATCH = YES;
				"CODE_SIGN_IDENTITY[sdk=iphoneos*]" = "iPhone Developer";
				COPY_PHASE_STRIP = NO;
				DEBUG_INFORMATION_FORMAT = dwarf;
				ENABLE_STRICT_OBJC_MSGSEND = YES;
				ENABLE_TESTABILITY = YES;
				GCC_C_LANGUAGE_STANDARD = gnu99;
				GCC_DYNAMIC_NO_PIC = NO;
				GCC_NO_COMMON_BLOCKS = YES;
				GCC_OPTIMIZATION_LEVEL = 0;
				GCC_PREPROCESSOR_DEFINITIONS = (
					"DEBUG=1",
					"$(inherited)",
				);
				GCC_WARN_64_TO_32_BIT_CONVERSION = YES;
				GCC_WARN_ABOUT_RETURN_TYPE = YES_ERROR;
				GCC_WARN_UNDECLARED_SELECTOR = YES;
				GCC_WARN_UNINITIALIZED_AUTOS = YES_AGGRESSIVE;
				GCC_WARN_UNUSED_FUNCTION = YES;
				GCC_WARN_UNUSED_VARIABLE = YES;
				IPHONEOS_DEPLOYMENT_TARGET = 10.3;
				MTL_ENABLE_DEBUG_INFO = YES;
				ONLY_ACTIVE_ARCH = YES;
				SDKROOT = iphoneos;
				SWIFT_ACTIVE_COMPILATION_CONDITIONS = DEBUG;
				SWIFT_OPTIMIZATION_LEVEL = "-Onone";
				TARGETED_DEVICE_FAMILY = "1,2";
			};
			name = Debug;
		};
		600C368D1EC0B2B500B9A449 /* Release */ = {
			isa = XCBuildConfiguration;
			buildSettings = {
				ALWAYS_SEARCH_USER_PATHS = NO;
				CLANG_ANALYZER_NONNULL = YES;
				CLANG_ANALYZER_NUMBER_OBJECT_CONVERSION = YES_AGGRESSIVE;
				CLANG_CXX_LANGUAGE_STANDARD = "gnu++0x";
				CLANG_CXX_LIBRARY = "libc++";
				CLANG_ENABLE_MODULES = YES;
				CLANG_ENABLE_OBJC_ARC = YES;
				CLANG_WARN_BOOL_CONVERSION = YES;
				CLANG_WARN_CONSTANT_CONVERSION = YES;
				CLANG_WARN_DIRECT_OBJC_ISA_USAGE = YES_ERROR;
				CLANG_WARN_DOCUMENTATION_COMMENTS = YES;
				CLANG_WARN_EMPTY_BODY = YES;
				CLANG_WARN_ENUM_CONVERSION = YES;
				CLANG_WARN_INFINITE_RECURSION = YES;
				CLANG_WARN_INT_CONVERSION = YES;
				CLANG_WARN_OBJC_ROOT_CLASS = YES_ERROR;
				CLANG_WARN_SUSPICIOUS_MOVE = YES;
				CLANG_WARN_UNREACHABLE_CODE = YES;
				CLANG_WARN__DUPLICATE_METHOD_MATCH = YES;
				"CODE_SIGN_IDENTITY[sdk=iphoneos*]" = "iPhone Developer";
				COPY_PHASE_STRIP = NO;
				DEBUG_INFORMATION_FORMAT = "dwarf-with-dsym";
				ENABLE_NS_ASSERTIONS = NO;
				ENABLE_STRICT_OBJC_MSGSEND = YES;
				GCC_C_LANGUAGE_STANDARD = gnu99;
				GCC_NO_COMMON_BLOCKS = YES;
				GCC_WARN_64_TO_32_BIT_CONVERSION = YES;
				GCC_WARN_ABOUT_RETURN_TYPE = YES_ERROR;
				GCC_WARN_UNDECLARED_SELECTOR = YES;
				GCC_WARN_UNINITIALIZED_AUTOS = YES_AGGRESSIVE;
				GCC_WARN_UNUSED_FUNCTION = YES;
				GCC_WARN_UNUSED_VARIABLE = YES;
				IPHONEOS_DEPLOYMENT_TARGET = 10.3;
				MTL_ENABLE_DEBUG_INFO = NO;
				SDKROOT = iphoneos;
				SWIFT_OPTIMIZATION_LEVEL = "-Owholemodule";
				TARGETED_DEVICE_FAMILY = "1,2";
				VALIDATE_PRODUCT = YES;
			};
			name = Release;
		};
		600C368F1EC0B2B500B9A449 /* Debug */ = {
			isa = XCBuildConfiguration;
			buildSettings = {
				ASSETCATALOG_COMPILER_APPICON_NAME = AppIcon;
				DEVELOPMENT_TEAM = 9ZM7UP9YG8;
				INFOPLIST_FILE = iFood/Info.plist;
				LD_RUNPATH_SEARCH_PATHS = "$(inherited) @executable_path/Frameworks";
				PRODUCT_BUNDLE_IDENTIFIER = Acamica.iFood;
				PRODUCT_NAME = "$(TARGET_NAME)";
				SWIFT_VERSION = 3.0;
			};
			name = Debug;
		};
		600C36901EC0B2B500B9A449 /* Release */ = {
			isa = XCBuildConfiguration;
			buildSettings = {
				ASSETCATALOG_COMPILER_APPICON_NAME = AppIcon;
				DEVELOPMENT_TEAM = 9ZM7UP9YG8;
				INFOPLIST_FILE = iFood/Info.plist;
				LD_RUNPATH_SEARCH_PATHS = "$(inherited) @executable_path/Frameworks";
				PRODUCT_BUNDLE_IDENTIFIER = Acamica.iFood;
				PRODUCT_NAME = "$(TARGET_NAME)";
				SWIFT_VERSION = 3.0;
			};
			name = Release;
		};
/* End XCBuildConfiguration section */

/* Begin XCConfigurationList section */
		600C36771EC0B2B500B9A449 /* Build configuration list for PBXProject "iFood" */ = {
			isa = XCConfigurationList;
			buildConfigurations = (
				600C368C1EC0B2B500B9A449 /* Debug */,
				600C368D1EC0B2B500B9A449 /* Release */,
			);
			defaultConfigurationIsVisible = 0;
			defaultConfigurationName = Release;
		};
		600C368E1EC0B2B500B9A449 /* Build configuration list for PBXNativeTarget "iFood" */ = {
			isa = XCConfigurationList;
			buildConfigurations = (
				600C368F1EC0B2B500B9A449 /* Debug */,
				600C36901EC0B2B500B9A449 /* Release */,
			);
			defaultConfigurationIsVisible = 0;
			defaultConfigurationName = Release;
		};
/* End XCConfigurationList section */
	};
	rootObject = 600C36741EC0B2B500B9A449 /* Project object */;
}
